// !$*UTF8*$!
{
	archiveVersion = 1;
	classes = {
	};
	objectVersion = 56;
	objects = {

/* Begin PBXBuildFile section */
		AA0FB10A29FC11070046A220 /* Drink_HandyApp.swift in Sources */ = {isa = PBXBuildFile; fileRef = AA0FB10929FC11070046A220 /* Drink_HandyApp.swift */; };
		AA0FB10C29FC11070046A220 /* ContentView.swift in Sources */ = {isa = PBXBuildFile; fileRef = AA0FB10B29FC11070046A220 /* ContentView.swift */; };
		AA0FB10E29FC11090046A220 /* Assets.xcassets in Resources */ = {isa = PBXBuildFile; fileRef = AA0FB10D29FC11090046A220 /* Assets.xcassets */; };
		AA0FB11129FC11090046A220 /* Preview Assets.xcassets in Resources */ = {isa = PBXBuildFile; fileRef = AA0FB11029FC11090046A220 /* Preview Assets.xcassets */; };
		AA0FB11B29FC129C0046A220 /* Menu.swift in Sources */ = {isa = PBXBuildFile; fileRef = AA0FB11A29FC129C0046A220 /* Menu.swift */; };
		AA0FB11D29FC1EAB0046A220 /* DetailView.swift in Sources */ = {isa = PBXBuildFile; fileRef = AA0FB11C29FC1EAB0046A220 /* DetailView.swift */; };
		AA0FB12129FDFDCC0046A220 /* Photo.swift in Sources */ = {isa = PBXBuildFile; fileRef = AA0FB12029FDFDCC0046A220 /* Photo.swift */; };
		AA0FB12329FE0F650046A220 /* EditView.swift in Sources */ = {isa = PBXBuildFile; fileRef = AA0FB12229FE0F650046A220 /* EditView.swift */; };
		AA0FB12529FE16B60046A220 /* NewMenuSheet.swift in Sources */ = {isa = PBXBuildFile; fileRef = AA0FB12429FE16B60046A220 /* NewMenuSheet.swift */; };
		AA0FB12729FE21500046A220 /* MenuRow.swift in Sources */ = {isa = PBXBuildFile; fileRef = AA0FB12629FE21500046A220 /* MenuRow.swift */; };
/* End PBXBuildFile section */

/* Begin PBXFileReference section */
		AA0FB10629FC11070046A220 /* Drink Handy.app */ = {isa = PBXFileReference; explicitFileType = wrapper.application; includeInIndex = 0; path = "Drink Handy.app"; sourceTree = BUILT_PRODUCTS_DIR; };
		AA0FB10929FC11070046A220 /* Drink_HandyApp.swift */ = {isa = PBXFileReference; lastKnownFileType = sourcecode.swift; path = Drink_HandyApp.swift; sourceTree = "<group>"; };
		AA0FB10B29FC11070046A220 /* ContentView.swift */ = {isa = PBXFileReference; lastKnownFileType = sourcecode.swift; path = ContentView.swift; sourceTree = "<group>"; };
		AA0FB10D29FC11090046A220 /* Assets.xcassets */ = {isa = PBXFileReference; lastKnownFileType = folder.assetcatalog; path = Assets.xcassets; sourceTree = "<group>"; };
		AA0FB11029FC11090046A220 /* Preview Assets.xcassets */ = {isa = PBXFileReference; lastKnownFileType = folder.assetcatalog; path = "Preview Assets.xcassets"; sourceTree = "<group>"; };
		AA0FB11A29FC129C0046A220 /* Menu.swift */ = {isa = PBXFileReference; lastKnownFileType = sourcecode.swift; path = Menu.swift; sourceTree = "<group>"; };
		AA0FB11C29FC1EAB0046A220 /* DetailView.swift */ = {isa = PBXFileReference; lastKnownFileType = sourcecode.swift; path = DetailView.swift; sourceTree = "<group>"; };
		AA0FB12029FDFDCC0046A220 /* Photo.swift */ = {isa = PBXFileReference; lastKnownFileType = sourcecode.swift; path = Photo.swift; sourceTree = "<group>"; };
		AA0FB12229FE0F650046A220 /* EditView.swift */ = {isa = PBXFileReference; lastKnownFileType = sourcecode.swift; path = EditView.swift; sourceTree = "<group>"; };
		AA0FB12429FE16B60046A220 /* NewMenuSheet.swift */ = {isa = PBXFileReference; lastKnownFileType = sourcecode.swift; path = NewMenuSheet.swift; sourceTree = "<group>"; };
		AA0FB12629FE21500046A220 /* MenuRow.swift */ = {isa = PBXFileReference; lastKnownFileType = sourcecode.swift; path = MenuRow.swift; sourceTree = "<group>"; };
/* End PBXFileReference section */

/* Begin PBXFrameworksBuildPhase section */
		AA0FB10329FC11070046A220 /* Frameworks */ = {
			isa = PBXFrameworksBuildPhase;
			buildActionMask = 2147483647;
			files = (
			);
			runOnlyForDeploymentPostprocessing = 0;
		};
/* End PBXFrameworksBuildPhase section */

/* Begin PBXGroup section */
		AA0FB0FD29FC11070046A220 = {
			isa = PBXGroup;
			children = (
				AA0FB10829FC11070046A220 /* Drink Handy */,
				AA0FB10729FC11070046A220 /* Products */,
			);
			sourceTree = "<group>";
		};
		AA0FB10729FC11070046A220 /* Products */ = {
			isa = PBXGroup;
			children = (
				AA0FB10629FC11070046A220 /* Drink Handy.app */,
			);
			name = Products;
			sourceTree = "<group>";
		};
		AA0FB10829FC11070046A220 /* Drink Handy */ = {
			isa = PBXGroup;
			children = (
				AA0FB11929FC11C00046A220 /* Views */,
				AA0FB11829FC11950046A220 /* Models */,
				AA0FB10929FC11070046A220 /* Drink_HandyApp.swift */,
				AA0FB10D29FC11090046A220 /* Assets.xcassets */,
				AA0FB10F29FC11090046A220 /* Preview Content */,
			);
			path = "Drink Handy";
			sourceTree = "<group>";
		};
		AA0FB10F29FC11090046A220 /* Preview Content */ = {
			isa = PBXGroup;
			children = (
				AA0FB11029FC11090046A220 /* Preview Assets.xcassets */,
			);
			path = "Preview Content";
			sourceTree = "<group>";
		};
		AA0FB11829FC11950046A220 /* Models */ = {
			isa = PBXGroup;
			children = (
				AA0FB11A29FC129C0046A220 /* Menu.swift */,
				AA0FB12029FDFDCC0046A220 /* Photo.swift */,
			);
			path = Models;
			sourceTree = "<group>";
		};
		AA0FB11929FC11C00046A220 /* Views */ = {
			isa = PBXGroup;
			children = (
				AA0FB10B29FC11070046A220 /* ContentView.swift */,
				AA0FB11C29FC1EAB0046A220 /* DetailView.swift */,
				AA0FB12229FE0F650046A220 /* EditView.swift */,
				AA0FB12429FE16B60046A220 /* NewMenuSheet.swift */,
				AA0FB12629FE21500046A220 /* MenuRow.swift */,
			);
			path = Views;
			sourceTree = "<group>";
		};
/* End PBXGroup section */

/* Begin PBXNativeTarget section */
		AA0FB10529FC11070046A220 /* Drink Handy */ = {
			isa = PBXNativeTarget;
			buildConfigurationList = AA0FB11429FC11090046A220 /* Build configuration list for PBXNativeTarget "Drink Handy" */;
			buildPhases = (
				AA0FB10229FC11070046A220 /* Sources */,
				AA0FB10329FC11070046A220 /* Frameworks */,
				AA0FB10429FC11070046A220 /* Resources */,
			);
			buildRules = (
			);
			dependencies = (
			);
			name = "Drink Handy";
			productName = "Drink Handy";
			productReference = AA0FB10629FC11070046A220 /* Drink Handy.app */;
			productType = "com.apple.product-type.application";
		};
/* End PBXNativeTarget section */

/* Begin PBXProject section */
		AA0FB0FE29FC11070046A220 /* Project object */ = {
			isa = PBXProject;
			attributes = {
				BuildIndependentTargetsInParallel = 1;
				LastSwiftUpdateCheck = 1430;
				LastUpgradeCheck = 1430;
				TargetAttributes = {
					AA0FB10529FC11070046A220 = {
						CreatedOnToolsVersion = 14.3;
					};
				};
			};
			buildConfigurationList = AA0FB10129FC11070046A220 /* Build configuration list for PBXProject "Drink Handy" */;
			compatibilityVersion = "Xcode 14.0";
			developmentRegion = en;
			hasScannedForEncodings = 0;
			knownRegions = (
				en,
				Base,
			);
			mainGroup = AA0FB0FD29FC11070046A220;
			productRefGroup = AA0FB10729FC11070046A220 /* Products */;
			projectDirPath = "";
			projectRoot = "";
			targets = (
				AA0FB10529FC11070046A220 /* Drink Handy */,
			);
		};
/* End PBXProject section */

/* Begin PBXResourcesBuildPhase section */
		AA0FB10429FC11070046A220 /* Resources */ = {
			isa = PBXResourcesBuildPhase;
			buildActionMask = 2147483647;
			files = (
				AA0FB11129FC11090046A220 /* Preview Assets.xcassets in Resources */,
				AA0FB10E29FC11090046A220 /* Assets.xcassets in Resources */,
			);
			runOnlyForDeploymentPostprocessing = 0;
		};
/* End PBXResourcesBuildPhase section */

/* Begin PBXSourcesBuildPhase section */
		AA0FB10229FC11070046A220 /* Sources */ = {
			isa = PBXSourcesBuildPhase;
			buildActionMask = 2147483647;
			files = (
				AA0FB12129FDFDCC0046A220 /* Photo.swift in Sources */,
				AA0FB11B29FC129C0046A220 /* Menu.swift in Sources */,
				AA0FB12729FE21500046A220 /* MenuRow.swift in Sources */,
				AA0FB11D29FC1EAB0046A220 /* DetailView.swift in Sources */,
				AA0FB12329FE0F650046A220 /* EditView.swift in Sources */,
				AA0FB12529FE16B60046A220 /* NewMenuSheet.swift in Sources */,
				AA0FB10C29FC11070046A220 /* ContentView.swift in Sources */,
				AA0FB10A29FC11070046A220 /* Drink_HandyApp.swift in Sources */,
			);
			runOnlyForDeploymentPostprocessing = 0;
		};
/* End PBXSourcesBuildPhase section */

/* Begin XCBuildConfiguration section */
		AA0FB11229FC11090046A220 /* Debug */ = {
			isa = XCBuildConfiguration;
			buildSettings = {
				ALWAYS_SEARCH_USER_PATHS = NO;
				CLANG_ANALYZER_NONNULL = YES;
				CLANG_ANALYZER_NUMBER_OBJECT_CONVERSION = YES_AGGRESSIVE;
				CLANG_CXX_LANGUAGE_STANDARD = "gnu++20";
				CLANG_ENABLE_MODULES = YES;
				CLANG_ENABLE_OBJC_ARC = YES;
				CLANG_ENABLE_OBJC_WEAK = YES;
				CLANG_WARN_BLOCK_CAPTURE_AUTORELEASING = YES;
				CLANG_WARN_BOOL_CONVERSION = YES;
				CLANG_WARN_COMMA = YES;
				CLANG_WARN_CONSTANT_CONVERSION = YES;
				CLANG_WARN_DEPRECATED_OBJC_IMPLEMENTATIONS = YES;
				CLANG_WARN_DIRECT_OBJC_ISA_USAGE = YES_ERROR;
				CLANG_WARN_DOCUMENTATION_COMMENTS = YES;
				CLANG_WARN_EMPTY_BODY = YES;
				CLANG_WARN_ENUM_CONVERSION = YES;
				CLANG_WARN_INFINITE_RECURSION = YES;
				CLANG_WARN_INT_CONVERSION = YES;
				CLANG_WARN_NON_LITERAL_NULL_CONVERSION = YES;
				CLANG_WARN_OBJC_IMPLICIT_RETAIN_SELF = YES;
				CLANG_WARN_OBJC_LITERAL_CONVERSION = YES;
				CLANG_WARN_OBJC_ROOT_CLASS = YES_ERROR;
				CLANG_WARN_QUOTED_INCLUDE_IN_FRAMEWORK_HEADER = YES;
				CLANG_WARN_RANGE_LOOP_ANALYSIS = YES;
				CLANG_WARN_STRICT_PROTOTYPES = YES;
				CLANG_WARN_SUSPICIOUS_MOVE = YES;
				CLANG_WARN_UNGUARDED_AVAILABILITY = YES_AGGRESSIVE;
				CLANG_WARN_UNREACHABLE_CODE = YES;
				CLANG_WARN__DUPLICATE_METHOD_MATCH = YES;
				COPY_PHASE_STRIP = NO;
				DEBUG_INFORMATION_FORMAT = dwarf;
				ENABLE_STRICT_OBJC_MSGSEND = YES;
				ENABLE_TESTABILITY = YES;
				GCC_C_LANGUAGE_STANDARD = gnu11;
				GCC_DYNAMIC_NO_PIC = NO;
				GCC_NO_COMMON_BLOCKS = YES;
				GCC_OPTIMIZATION_LEVEL = 0;
				GCC_PREPROCESSOR_DEFINITIONS = (
					"DEBUG=1",
					"$(inherited)",
				);
				GCC_WARN_64_TO_32_BIT_CONVERSION = YES;
				GCC_WARN_ABOUT_RETURN_TYPE = YES_ERROR;
				GCC_WARN_UNDECLARED_SELECTOR = YES;
				GCC_WARN_UNINITIALIZED_AUTOS = YES_AGGRESSIVE;
				GCC_WARN_UNUSED_FUNCTION = YES;
				GCC_WARN_UNUSED_VARIABLE = YES;
				IPHONEOS_DEPLOYMENT_TARGET = 16.4;
				MTL_ENABLE_DEBUG_INFO = INCLUDE_SOURCE;
				MTL_FAST_MATH = YES;
				ONLY_ACTIVE_ARCH = YES;
				SDKROOT = iphoneos;
				SWIFT_ACTIVE_COMPILATION_CONDITIONS = DEBUG;
				SWIFT_OPTIMIZATION_LEVEL = "-Onone";
			};
			name = Debug;
		};
		AA0FB11329FC11090046A220 /* Release */ = {
			isa = XCBuildConfiguration;
			buildSettings = {
				ALWAYS_SEARCH_USER_PATHS = NO;
				CLANG_ANALYZER_NONNULL = YES;
				CLANG_ANALYZER_NUMBER_OBJECT_CONVERSION = YES_AGGRESSIVE;
				CLANG_CXX_LANGUAGE_STANDARD = "gnu++20";
				CLANG_ENABLE_MODULES = YES;
				CLANG_ENABLE_OBJC_ARC = YES;
				CLANG_ENABLE_OBJC_WEAK = YES;
				CLANG_WARN_BLOCK_CAPTURE_AUTORELEASING = YES;
				CLANG_WARN_BOOL_CONVERSION = YES;
				CLANG_WARN_COMMA = YES;
				CLANG_WARN_CONSTANT_CONVERSION = YES;
				CLANG_WARN_DEPRECATED_OBJC_IMPLEMENTATIONS = YES;
				CLANG_WARN_DIRECT_OBJC_ISA_USAGE = YES_ERROR;
				CLANG_WARN_DOCUMENTATION_COMMENTS = YES;
				CLANG_WARN_EMPTY_BODY = YES;
				CLANG_WARN_ENUM_CONVERSION = YES;
				CLANG_WARN_INFINITE_RECURSION = YES;
				CLANG_WARN_INT_CONVERSION = YES;
				CLANG_WARN_NON_LITERAL_NULL_CONVERSION = YES;
				CLANG_WARN_OBJC_IMPLICIT_RETAIN_SELF = YES;
				CLANG_WARN_OBJC_LITERAL_CONVERSION = YES;
				CLANG_WARN_OBJC_ROOT_CLASS = YES_ERROR;
				CLANG_WARN_QUOTED_INCLUDE_IN_FRAMEWORK_HEADER = YES;
				CLANG_WARN_RANGE_LOOP_ANALYSIS = YES;
				CLANG_WARN_STRICT_PROTOTYPES = YES;
				CLANG_WARN_SUSPICIOUS_MOVE = YES;
				CLANG_WARN_UNGUARDED_AVAILABILITY = YES_AGGRESSIVE;
				CLANG_WARN_UNREACHABLE_CODE = YES;
				CLANG_WARN__DUPLICATE_METHOD_MATCH = YES;
				COPY_PHASE_STRIP = NO;
				DEBUG_INFORMATION_FORMAT = "dwarf-with-dsym";
				ENABLE_NS_ASSERTIONS = NO;
				ENABLE_STRICT_OBJC_MSGSEND = YES;
				GCC_C_LANGUAGE_STANDARD = gnu11;
				GCC_NO_COMMON_BLOCKS = YES;
				GCC_WARN_64_TO_32_BIT_CONVERSION = YES;
				GCC_WARN_ABOUT_RETURN_TYPE = YES_ERROR;
				GCC_WARN_UNDECLARED_SELECTOR = YES;
				GCC_WARN_UNINITIALIZED_AUTOS = YES_AGGRESSIVE;
				GCC_WARN_UNUSED_FUNCTION = YES;
				GCC_WARN_UNUSED_VARIABLE = YES;
				IPHONEOS_DEPLOYMENT_TARGET = 16.4;
				MTL_ENABLE_DEBUG_INFO = NO;
				MTL_FAST_MATH = YES;
				SDKROOT = iphoneos;
				SWIFT_COMPILATION_MODE = wholemodule;
				SWIFT_OPTIMIZATION_LEVEL = "-O";
				VALIDATE_PRODUCT = YES;
			};
			name = Release;
		};
		AA0FB11529FC11090046A220 /* Debug */ = {
			isa = XCBuildConfiguration;
			buildSettings = {
				ASSETCATALOG_COMPILER_APPICON_NAME = AppIcon;
				ASSETCATALOG_COMPILER_GLOBAL_ACCENT_COLOR_NAME = AccentColor;
				CODE_SIGN_STYLE = Automatic;
				CURRENT_PROJECT_VERSION = 1;
				DEVELOPMENT_ASSET_PATHS = "\"Drink Handy/Preview Content\"";
				ENABLE_PREVIEWS = YES;
				GENERATE_INFOPLIST_FILE = YES;
				INFOPLIST_KEY_UIApplicationSceneManifest_Generation = YES;
				INFOPLIST_KEY_UIApplicationSupportsIndirectInputEvents = YES;
				INFOPLIST_KEY_UILaunchScreen_Generation = YES;
				INFOPLIST_KEY_UISupportedInterfaceOrientations_iPad = "UIInterfaceOrientationPortrait UIInterfaceOrientationPortraitUpsideDown UIInterfaceOrientationLandscapeLeft UIInterfaceOrientationLandscapeRight";
				INFOPLIST_KEY_UISupportedInterfaceOrientations_iPhone = "UIInterfaceOrientationPortrait UIInterfaceOrientationLandscapeLeft UIInterfaceOrientationLandscapeRight";
				LD_RUNPATH_SEARCH_PATHS = (
					"$(inherited)",
					"@executable_path/Frameworks",
				);
				MARKETING_VERSION = 1.0;
				PRODUCT_BUNDLE_IDENTIFIER = "com.umas.Drink-Handy";
				PRODUCT_NAME = "$(TARGET_NAME)";
				SWIFT_EMIT_LOC_STRINGS = YES;
				SWIFT_VERSION = 5.0;
				TARGETED_DEVICE_FAMILY = "1,2";
			};
			name = Debug;
		};
		AA0FB11629FC11090046A220 /* Release */ = {
			isa = XCBuildConfiguration;
			buildSettings = {
				ASSETCATALOG_COMPILER_APPICON_NAME = AppIcon;
				ASSETCATALOG_COMPILER_GLOBAL_ACCENT_COLOR_NAME = AccentColor;
				CODE_SIGN_STYLE = Automatic;
				CURRENT_PROJECT_VERSION = 1;
				DEVELOPMENT_ASSET_PATHS = "\"Drink Handy/Preview Content\"";
				ENABLE_PREVIEWS = YES;
				GENERATE_INFOPLIST_FILE = YES;
				INFOPLIST_KEY_UIApplicationSceneManifest_Generation = YES;
				INFOPLIST_KEY_UIApplicationSupportsIndirectInputEvents = YES;
				INFOPLIST_KEY_UILaunchScreen_Generation = YES;
				INFOPLIST_KEY_UISupportedInterfaceOrientations_iPad = "UIInterfaceOrientationPortrait UIInterfaceOrientationPortraitUpsideDown UIInterfaceOrientationLandscapeLeft UIInterfaceOrientationLandscapeRight";
				INFOPLIST_KEY_UISupportedInterfaceOrientations_iPhone = "UIInterfaceOrientationPortrait UIInterfaceOrientationLandscapeLeft UIInterfaceOrientationLandscapeRight";
				LD_RUNPATH_SEARCH_PATHS = (
					"$(inherited)",
					"@executable_path/Frameworks",
				);
				MARKETING_VERSION = 1.0;
				PRODUCT_BUNDLE_IDENTIFIER = "com.umas.Drink-Handy";
				PRODUCT_NAME = "$(TARGET_NAME)";
				SWIFT_EMIT_LOC_STRINGS = YES;
				SWIFT_VERSION = 5.0;
				TARGETED_DEVICE_FAMILY = "1,2";
			};
			name = Release;
		};
/* End XCBuildConfiguration section */

/* Begin XCConfigurationList section */
		AA0FB10129FC11070046A220 /* Build configuration list for PBXProject "Drink Handy" */ = {
			isa = XCConfigurationList;
			buildConfigurations = (
				AA0FB11229FC11090046A220 /* Debug */,
				AA0FB11329FC11090046A220 /* Release */,
			);
			defaultConfigurationIsVisible = 0;
			defaultConfigurationName = Release;
		};
		AA0FB11429FC11090046A220 /* Build configuration list for PBXNativeTarget "Drink Handy" */ = {
			isa = XCConfigurationList;
			buildConfigurations = (
				AA0FB11529FC11090046A220 /* Debug */,
				AA0FB11629FC11090046A220 /* Release */,
			);
			defaultConfigurationIsVisible = 0;
			defaultConfigurationName = Release;
		};
/* End XCConfigurationList section */
	};
	rootObject = AA0FB0FE29FC11070046A220 /* Project object */;
}
